
Microsoft Visual Studio Solution File, Format Version 12.00
# Visual Studio Version 16
VisualStudioVersion = 16.0.29519.87
MinimumVisualStudioVersion = 10.0.40219.1
Project("{FAE04EC0-301F-11D3-BF4B-00C04F79EFBC}") = "MediaBazaarOOD_1", "MediaBazaarOOD_1.csproj", "{7BACEE81-1801-464A-943B-AFBB6BFA864A}"
EndProject
Global
	GlobalSection(SolutionConfigurationPlatforms) = preSolution
		Debug|Any CPU = Debug|Any CPU
		Release|Any CPU = Release|Any CPU
	EndGlobalSection
	GlobalSection(ProjectConfigurationPlatforms) = postSolution
		{7BACEE81-1801-464A-943B-AFBB6BFA864A}.Debug|Any CPU.ActiveCfg = Debug|Any CPU
		{7BACEE81-1801-464A-943B-AFBB6BFA864A}.Debug|Any CPU.Build.0 = Debug|Any CPU
		{7BACEE81-1801-464A-943B-AFBB6BFA864A}.Release|Any CPU.ActiveCfg = Release|Any CPU
		{7BACEE81-1801-464A-943B-AFBB6BFA864A}.Release|Any CPU.Build.0 = Release|Any CPU
	EndGlobalSection
	GlobalSection(SolutionProperties) = preSolution
		HideSolutionNode = FALSE
	EndGlobalSection
	GlobalSection(ExtensibilityGlobals) = postSolution
		SolutionGuid = {F2C72023-E923-4473-8B71-861C516D697B}
	EndGlobalSection
EndGlobal
