
Microsoft Visual Studio Solution File, Format Version 12.00
# Visual Studio Version 16
VisualStudioVersion = 16.0.30503.244
MinimumVisualStudioVersion = 10.0.40219.1
Project("{FAE04EC0-301F-11D3-BF4B-00C04F79EFBC}") = "Media Bazaar", "Media Bazaar\Media Bazaar.csproj", "{B39089D4-3BDE-4A86-A263-6BF79A4B6D59}"
EndProject
Project("{9A19103F-16F7-4668-BE54-9A1E7A4F7556}") = "Media Bazaar Logic", "Media Bazaar Logic\Media Bazaar Logic.csproj", "{1B58E051-3DC8-410B-9C98-21FE1105D6B6}"
EndProject
Project("{FAE04EC0-301F-11D3-BF4B-00C04F79EFBC}") = "Media Bazaar Data Access Logic", "Media Bazaar Data Access Logic\Media Bazaar Data Access Logic.csproj", "{85C6AF85-10F0-48BD-8F92-6B19653374CD}"
EndProject
Global
	GlobalSection(SolutionConfigurationPlatforms) = preSolution
		Debug|Any CPU = Debug|Any CPU
		Release|Any CPU = Release|Any CPU
	EndGlobalSection
	GlobalSection(ProjectConfigurationPlatforms) = postSolution
		{B39089D4-3BDE-4A86-A263-6BF79A4B6D59}.Debug|Any CPU.ActiveCfg = Debug|Any CPU
		{B39089D4-3BDE-4A86-A263-6BF79A4B6D59}.Debug|Any CPU.Build.0 = Debug|Any CPU
		{B39089D4-3BDE-4A86-A263-6BF79A4B6D59}.Release|Any CPU.ActiveCfg = Release|Any CPU
		{B39089D4-3BDE-4A86-A263-6BF79A4B6D59}.Release|Any CPU.Build.0 = Release|Any CPU
		{1B58E051-3DC8-410B-9C98-21FE1105D6B6}.Debug|Any CPU.ActiveCfg = Debug|Any CPU
		{1B58E051-3DC8-410B-9C98-21FE1105D6B6}.Debug|Any CPU.Build.0 = Debug|Any CPU
		{1B58E051-3DC8-410B-9C98-21FE1105D6B6}.Release|Any CPU.ActiveCfg = Release|Any CPU
		{1B58E051-3DC8-410B-9C98-21FE1105D6B6}.Release|Any CPU.Build.0 = Release|Any CPU
		{85C6AF85-10F0-48BD-8F92-6B19653374CD}.Debug|Any CPU.ActiveCfg = Debug|Any CPU
		{85C6AF85-10F0-48BD-8F92-6B19653374CD}.Debug|Any CPU.Build.0 = Debug|Any CPU
		{85C6AF85-10F0-48BD-8F92-6B19653374CD}.Release|Any CPU.ActiveCfg = Release|Any CPU
		{85C6AF85-10F0-48BD-8F92-6B19653374CD}.Release|Any CPU.Build.0 = Release|Any CPU
	EndGlobalSection
	GlobalSection(SolutionProperties) = preSolution
		HideSolutionNode = FALSE
	EndGlobalSection
	GlobalSection(ExtensibilityGlobals) = postSolution
		SolutionGuid = {77E9DB0B-0B45-47BE-852C-82F3C1EBDCA2}
	EndGlobalSection
EndGlobal
